
Microsoft Visual Studio Solution File, Format Version 12.00
# Visual Studio Version 16
VisualStudioVersion = 16.0.33529.622
MinimumVisualStudioVersion = 10.0.40219.1
Project("{FAE04EC0-301F-11D3-BF4B-00C04F79EFBC}") = "Practic6Pav", "Practic6Pav.csproj", "{A7BBC634-F84E-42DB-A466-4775295ED2A7}"
EndProject
Project("{FAE04EC0-301F-11D3-BF4B-00C04F79EFBC}") = "Zad2", "Zad2\Zad2.csproj", "{245473D2-3DE0-44AA-9041-5FD73E762E6C}"
EndProject
Project("{FAE04EC0-301F-11D3-BF4B-00C04F79EFBC}") = "Zad3", "Zad3\Zad3.csproj", "{881DF0BF-B350-4F13-AFB2-A62E0AD32F23}"
EndProject
Global
	GlobalSection(SolutionConfigurationPlatforms) = preSolution
		Debug|Any CPU = Debug|Any CPU
		Release|Any CPU = Release|Any CPU
	EndGlobalSection
	GlobalSection(ProjectConfigurationPlatforms) = postSolution
		{A7BBC634-F84E-42DB-A466-4775295ED2A7}.Debug|Any CPU.ActiveCfg = Debug|Any CPU
		{A7BBC634-F84E-42DB-A466-4775295ED2A7}.Debug|Any CPU.Build.0 = Debug|Any CPU
		{A7BBC634-F84E-42DB-A466-4775295ED2A7}.Release|Any CPU.ActiveCfg = Release|Any CPU
		{A7BBC634-F84E-42DB-A466-4775295ED2A7}.Release|Any CPU.Build.0 = Release|Any CPU
		{245473D2-3DE0-44AA-9041-5FD73E762E6C}.Debug|Any CPU.ActiveCfg = Debug|Any CPU
		{245473D2-3DE0-44AA-9041-5FD73E762E6C}.Debug|Any CPU.Build.0 = Debug|Any CPU
		{245473D2-3DE0-44AA-9041-5FD73E762E6C}.Release|Any CPU.ActiveCfg = Release|Any CPU
		{245473D2-3DE0-44AA-9041-5FD73E762E6C}.Release|Any CPU.Build.0 = Release|Any CPU
		{881DF0BF-B350-4F13-AFB2-A62E0AD32F23}.Debug|Any CPU.ActiveCfg = Debug|Any CPU
		{881DF0BF-B350-4F13-AFB2-A62E0AD32F23}.Debug|Any CPU.Build.0 = Debug|Any CPU
		{881DF0BF-B350-4F13-AFB2-A62E0AD32F23}.Release|Any CPU.ActiveCfg = Release|Any CPU
		{881DF0BF-B350-4F13-AFB2-A62E0AD32F23}.Release|Any CPU.Build.0 = Release|Any CPU
	EndGlobalSection
	GlobalSection(SolutionProperties) = preSolution
		HideSolutionNode = FALSE
	EndGlobalSection
	GlobalSection(ExtensibilityGlobals) = postSolution
		SolutionGuid = {8776DC44-F6BE-4BC5-A569-905F79DB4072}
	EndGlobalSection
EndGlobal
